// !$*UTF8*$!
{
	archiveVersion = 1;
	classes = {
	};
	objectVersion = 46;
	objects = {

/* Begin PBXBuildFile section */
		68120C641DB70715000CA19D /* MHADScrollView.swift in Sources */ = {isa = PBXBuildFile; fileRef = 68120C631DB70715000CA19D /* MHADScrollView.swift */; };
		68120C671DB71C9D000CA19D /* MHHomeADTableViewCell.swift in Sources */ = {isa = PBXBuildFile; fileRef = 68120C651DB71C9D000CA19D /* MHHomeADTableViewCell.swift */; };
		68120C681DB71C9D000CA19D /* MHHomeADTableViewCell.xib in Resources */ = {isa = PBXBuildFile; fileRef = 68120C661DB71C9D000CA19D /* MHHomeADTableViewCell.xib */; };
		68120C731DB764BA000CA19D /* MHHomePromotionsTableViewCell.swift in Sources */ = {isa = PBXBuildFile; fileRef = 68120C711DB764BA000CA19D /* MHHomePromotionsTableViewCell.swift */; };
		68120C741DB764BA000CA19D /* MHHomePromotionsTableViewCell.xib in Resources */ = {isa = PBXBuildFile; fileRef = 68120C721DB764BA000CA19D /* MHHomePromotionsTableViewCell.xib */; };
		68120C761DB76B87000CA19D /* MHHomePromotionsItem.swift in Sources */ = {isa = PBXBuildFile; fileRef = 68120C751DB76B87000CA19D /* MHHomePromotionsItem.swift */; };
		68120C7A1DB774E4000CA19D /* MHTabBarController.swift in Sources */ = {isa = PBXBuildFile; fileRef = 68120C791DB774E4000CA19D /* MHTabBarController.swift */; };
		68120C7D1DB85C2A000CA19D /* MHHomeViewfieldTableViewCell.swift in Sources */ = {isa = PBXBuildFile; fileRef = 68120C7B1DB85C2A000CA19D /* MHHomeViewfieldTableViewCell.swift */; };
		68120C7E1DB85C2A000CA19D /* MHHomeViewfieldTableViewCell.xib in Resources */ = {isa = PBXBuildFile; fileRef = 68120C7C1DB85C2A000CA19D /* MHHomeViewfieldTableViewCell.xib */; };
		68120C801DB85DEC000CA19D /* MHVerticalADView.swift in Sources */ = {isa = PBXBuildFile; fileRef = 68120C7F1DB85DEC000CA19D /* MHVerticalADView.swift */; };
		68120C821DB86845000CA19D /* MHHomeViewfieldItem.swift in Sources */ = {isa = PBXBuildFile; fileRef = 68120C811DB86845000CA19D /* MHHomeViewfieldItem.swift */; };
		68120C841DB8684F000CA19D /* MHHomeViewfieldItem.xib in Resources */ = {isa = PBXBuildFile; fileRef = 68120C831DB8684F000CA19D /* MHHomeViewfieldItem.xib */; };
		68120CAA1DB9BA37000CA19D /* MHRefreshHeader.swift in Sources */ = {isa = PBXBuildFile; fileRef = 68120CA91DB9BA37000CA19D /* MHRefreshHeader.swift */; };
		68120CAC1DB9BA45000CA19D /* MHRefreshNormalHeader.xib in Resources */ = {isa = PBXBuildFile; fileRef = 68120CAB1DB9BA45000CA19D /* MHRefreshNormalHeader.xib */; };
		68120CAE1DB9BC32000CA19D /* MHRefreshCommon.swift in Sources */ = {isa = PBXBuildFile; fileRef = 68120CAD1DB9BC32000CA19D /* MHRefreshCommon.swift */; };
		68120CB01DB9C053000CA19D /* MHRefresh.swift in Sources */ = {isa = PBXBuildFile; fileRef = 68120CAF1DB9C053000CA19D /* MHRefresh.swift */; };
		68120CB21DB9E75C000CA19D /* MHRefreshBase.swift in Sources */ = {isa = PBXBuildFile; fileRef = 68120CB11DB9E75C000CA19D /* MHRefreshBase.swift */; };
		6817E0341DBA092D00B9B6E7 /* MHRefreshNormalHeader.swift in Sources */ = {isa = PBXBuildFile; fileRef = 6817E0331DBA092D00B9B6E7 /* MHRefreshNormalHeader.swift */; };
		6817E0441DBA1E2800B9B6E7 /* home.json in Resources */ = {isa = PBXBuildFile; fileRef = 6817E0431DBA1E2800B9B6E7 /* home.json */; };
		682D302C1DBF29380017CFDC /* MHRefreshFooter.swift in Sources */ = {isa = PBXBuildFile; fileRef = 682D302B1DBF29380017CFDC /* MHRefreshFooter.swift */; };
		682D302E1DBF438B0017CFDC /* MHRefreshNormalFooter.swift in Sources */ = {isa = PBXBuildFile; fileRef = 682D302D1DBF438B0017CFDC /* MHRefreshNormalFooter.swift */; };
		682D30301DBF439C0017CFDC /* MHRefreshNormalFooter.xib in Resources */ = {isa = PBXBuildFile; fileRef = 682D302F1DBF439C0017CFDC /* MHRefreshNormalFooter.xib */; };
		682D30331DBF68040017CFDC /* MHAnimationHeartBtn.swift in Sources */ = {isa = PBXBuildFile; fileRef = 682D30321DBF68040017CFDC /* MHAnimationHeartBtn.swift */; };
		6843C4921DB4D87F00CA881F /* AppDelegate.swift in Sources */ = {isa = PBXBuildFile; fileRef = 6843C4911DB4D87F00CA881F /* AppDelegate.swift */; };
		6843C4971DB4D87F00CA881F /* Main.storyboard in Resources */ = {isa = PBXBuildFile; fileRef = 6843C4951DB4D87F00CA881F /* Main.storyboard */; };
		6843C4991DB4D87F00CA881F /* Assets.xcassets in Resources */ = {isa = PBXBuildFile; fileRef = 6843C4981DB4D87F00CA881F /* Assets.xcassets */; };
		6843C49C1DB4D87F00CA881F /* LaunchScreen.storyboard in Resources */ = {isa = PBXBuildFile; fileRef = 6843C49A1DB4D87F00CA881F /* LaunchScreen.storyboard */; };
		6843C4AE1DB5B66900CA881F /* MHBaseNavController.swift in Sources */ = {isa = PBXBuildFile; fileRef = 6843C4AD1DB5B66900CA881F /* MHBaseNavController.swift */; };
		6843C4B01DB5B68900CA881F /* MHHomeTableViewController.swift in Sources */ = {isa = PBXBuildFile; fileRef = 6843C4AF1DB5B68900CA881F /* MHHomeTableViewController.swift */; };
		6843C4B31DB5B83A00CA881F /* MHGoodsTableViewCell.swift in Sources */ = {isa = PBXBuildFile; fileRef = 6843C4B21DB5B83A00CA881F /* MHGoodsTableViewCell.swift */; };
		6843C4B71DB5BAF900CA881F /* MHHomeParser.swift in Sources */ = {isa = PBXBuildFile; fileRef = 6843C4B61DB5BAF900CA881F /* MHHomeParser.swift */; };
		6843C4B91DB5BC0700CA881F /* MHHomeModel.swift in Sources */ = {isa = PBXBuildFile; fileRef = 6843C4B81DB5BC0700CA881F /* MHHomeModel.swift */; };
		6843C4BC1DB5BC8500CA881F /* MHNetwork.swift in Sources */ = {isa = PBXBuildFile; fileRef = 6843C4BB1DB5BC8500CA881F /* MHNetwork.swift */; };
		6855A8661DD1AE38009320F0 /* 视野.png in Resources */ = {isa = PBXBuildFile; fileRef = 6855A8621DD1AE38009320F0 /* 视野.png */; };
		6855A8671DD1AE38009320F0 /* 首页.png in Resources */ = {isa = PBXBuildFile; fileRef = 6855A8631DD1AE38009320F0 /* 首页.png */; };
		6855A8681DD1AE38009320F0 /* 分类界面.png in Resources */ = {isa = PBXBuildFile; fileRef = 6855A8641DD1AE38009320F0 /* 分类界面.png */; };
		6855A8691DD1AE38009320F0 /* 分类详情.png in Resources */ = {isa = PBXBuildFile; fileRef = 6855A8651DD1AE38009320F0 /* 分类详情.png */; };
		6868B5C11DCB21ED00CA79E8 /* MHScanerViewController.swift in Sources */ = {isa = PBXBuildFile; fileRef = 6868B5BF1DCB21ED00CA79E8 /* MHScanerViewController.swift */; };
		6868B5C21DCB21ED00CA79E8 /* MHScanerViewController.xib in Resources */ = {isa = PBXBuildFile; fileRef = 6868B5C01DCB21ED00CA79E8 /* MHScanerViewController.xib */; };
		6868B5C41DCB236300CA79E8 /* MHCommonSetting.swift in Sources */ = {isa = PBXBuildFile; fileRef = 6868B5C31DCB236300CA79E8 /* MHCommonSetting.swift */; };
		6868B5C71DCB45E100CA79E8 /* MHScanResultViewController.swift in Sources */ = {isa = PBXBuildFile; fileRef = 6868B5C51DCB45E100CA79E8 /* MHScanResultViewController.swift */; };
		6868B5C81DCB45E100CA79E8 /* MHScanResultViewController.xib in Resources */ = {isa = PBXBuildFile; fileRef = 6868B5C61DCB45E100CA79E8 /* MHScanResultViewController.xib */; };
		687054FB1DC9853400EF132D /* HMSegmentedControl.m in Sources */ = {isa = PBXBuildFile; fileRef = 687054FA1DC9853400EF132D /* HMSegmentedControl.m */; };
		687054FE1DC990C100EF132D /* MHFieldOfViewCategoryView.swift in Sources */ = {isa = PBXBuildFile; fileRef = 687054FD1DC990C100EF132D /* MHFieldOfViewCategoryView.swift */; };
		687A3E571DC0A142004D91B7 /* MHCategoryBtn.swift in Sources */ = {isa = PBXBuildFile; fileRef = 687A3E561DC0A142004D91B7 /* MHCategoryBtn.swift */; };
		687A3E591DC0A310004D91B7 /* MHCategoryViewController.swift in Sources */ = {isa = PBXBuildFile; fileRef = 687A3E581DC0A310004D91B7 /* MHCategoryViewController.swift */; };
		687A3E5B1DC0A54C004D91B7 /* category.json in Resources */ = {isa = PBXBuildFile; fileRef = 687A3E5A1DC0A54C004D91B7 /* category.json */; };
		687A3E5D1DC0A586004D91B7 /* MHCategoryParser.swift in Sources */ = {isa = PBXBuildFile; fileRef = 687A3E5C1DC0A586004D91B7 /* MHCategoryParser.swift */; };
		687A3E611DC19BD7004D91B7 /* MHCategoryDetailViewController.swift in Sources */ = {isa = PBXBuildFile; fileRef = 687A3E601DC19BD7004D91B7 /* MHCategoryDetailViewController.swift */; };
		687A3E631DC1A059004D91B7 /* category_hot.json in Resources */ = {isa = PBXBuildFile; fileRef = 687A3E621DC1A059004D91B7 /* category_hot.json */; };
		687A3E651DC1A0BA004D91B7 /* category_new.json in Resources */ = {isa = PBXBuildFile; fileRef = 687A3E641DC1A0BA004D91B7 /* category_new.json */; };
		687A3E671DC1A18B004D91B7 /* MHCategoryDetailParser.swift in Sources */ = {isa = PBXBuildFile; fileRef = 687A3E661DC1A18B004D91B7 /* MHCategoryDetailParser.swift */; };
		687A3E691DC1A52E004D91B7 /* MHResponseModel.swift in Sources */ = {isa = PBXBuildFile; fileRef = 687A3E681DC1A52E004D91B7 /* MHResponseModel.swift */; };
		687A3E6B1DC1CDD1004D91B7 /* MHCategoryDetail.swift in Sources */ = {isa = PBXBuildFile; fileRef = 687A3E6A1DC1CDD1004D91B7 /* MHCategoryDetail.swift */; };
		687B57AB1DC6DF8A007B136F /* MHFilterView.swift in Sources */ = {isa = PBXBuildFile; fileRef = 687B57AA1DC6DF8A007B136F /* MHFilterView.swift */; };
		687B57AE1DC6E1A9007B136F /* MHCustomFilterPriceTableViewCell.swift in Sources */ = {isa = PBXBuildFile; fileRef = 687B57AC1DC6E1A9007B136F /* MHCustomFilterPriceTableViewCell.swift */; };
		687B57AF1DC6E1A9007B136F /* MHCustomFilterPriceTableViewCell.xib in Resources */ = {isa = PBXBuildFile; fileRef = 687B57AD1DC6E1A9007B136F /* MHCustomFilterPriceTableViewCell.xib */; };
		68B0879F1DC8703C009E3D8C /* MHFieldOfViewViewController.swift in Sources */ = {isa = PBXBuildFile; fileRef = 68B0879E1DC8703C009E3D8C /* MHFieldOfViewViewController.swift */; };
		68B087A11DC87740009E3D8C /* fieldOfView_category.json in Resources */ = {isa = PBXBuildFile; fileRef = 68B087A01DC87740009E3D8C /* fieldOfView_category.json */; };
		68B087A51DC8779A009E3D8C /* fieldOfView_all.json in Resources */ = {isa = PBXBuildFile; fileRef = 68B087A41DC8779A009E3D8C /* fieldOfView_all.json */; };
		68B087A71DC877E1009E3D8C /* MHFieldOfViewParser.swift in Sources */ = {isa = PBXBuildFile; fileRef = 68B087A61DC877E1009E3D8C /* MHFieldOfViewParser.swift */; };
		68B087A91DC87915009E3D8C /* MHFieldOfViewModel.swift in Sources */ = {isa = PBXBuildFile; fileRef = 68B087A81DC87915009E3D8C /* MHFieldOfViewModel.swift */; };
		68B087AC1DC87BBC009E3D8C /* MHFieldOfViewListTableViewCell.swift in Sources */ = {isa = PBXBuildFile; fileRef = 68B087AB1DC87BBC009E3D8C /* MHFieldOfViewListTableViewCell.swift */; };
		68B087AE1DC880B7009E3D8C /* MHFieldOfViewDetailViewController.swift in Sources */ = {isa = PBXBuildFile; fileRef = 68B087AD1DC880B7009E3D8C /* MHFieldOfViewDetailViewController.swift */; };
		68BD0D5A1DB622DB000BB94B /* MHHomeNavigatorTableViewCell.swift in Sources */ = {isa = PBXBuildFile; fileRef = 68BD0D581DB622DB000BB94B /* MHHomeNavigatorTableViewCell.swift */; };
		68BD0D5B1DB622DB000BB94B /* MHHomeNavigatorTableViewCell.xib in Resources */ = {isa = PBXBuildFile; fileRef = 68BD0D591DB622DB000BB94B /* MHHomeNavigatorTableViewCell.xib */; };
		68BD0D5E1DB623EC000BB94B /* MHNavItemCollectionViewCell.swift in Sources */ = {isa = PBXBuildFile; fileRef = 68BD0D5C1DB623EC000BB94B /* MHNavItemCollectionViewCell.swift */; };
		68BD0D5F1DB623EC000BB94B /* MHNavItemCollectionViewCell.xib in Resources */ = {isa = PBXBuildFile; fileRef = 68BD0D5D1DB623EC000BB94B /* MHNavItemCollectionViewCell.xib */; };
		68BD0D611DB62B70000BB94B /* MHConst.swift in Sources */ = {isa = PBXBuildFile; fileRef = 68BD0D601DB62B70000BB94B /* MHConst.swift */; };
		68BD0D641DB62F73000BB94B /* MHExtension.swift in Sources */ = {isa = PBXBuildFile; fileRef = 68BD0D631DB62F73000BB94B /* MHExtension.swift */; };
		68CCD4B81DD1B661004AF803 /* 首页gif.gif in Resources */ = {isa = PBXBuildFile; fileRef = 68CCD4B51DD1B661004AF803 /* 首页gif.gif */; };
		68CCD4B91DD1B661004AF803 /* 分类gif.gif in Resources */ = {isa = PBXBuildFile; fileRef = 68CCD4B61DD1B661004AF803 /* 分类gif.gif */; };
		68CCD4BA1DD1B661004AF803 /* 视野gif.gif in Resources */ = {isa = PBXBuildFile; fileRef = 68CCD4B71DD1B661004AF803 /* 视野gif.gif */; };
		68E3A3521DC9D1B6005CE0CE /* MHFOVCategoryCollectionViewCell.swift in Sources */ = {isa = PBXBuildFile; fileRef = 68E3A3501DC9D1B6005CE0CE /* MHFOVCategoryCollectionViewCell.swift */; };
		68E3A3531DC9D1B6005CE0CE /* MHFOVCategoryCollectionViewCell.xib in Resources */ = {isa = PBXBuildFile; fileRef = 68E3A3511DC9D1B6005CE0CE /* MHFOVCategoryCollectionViewCell.xib */; };
		68E4AC1C1DDE941000E4E12B /* MHMeViewController.swift in Sources */ = {isa = PBXBuildFile; fileRef = 68E4AC1B1DDE941000E4E12B /* MHMeViewController.swift */; };
		AF8723B8E24D9E1E8F1F4F60 /* Pods___.framework in Frameworks */ = {isa = PBXBuildFile; fileRef = FAFC5B976203B5D1AB84F385 /* Pods___.framework */; };
/* End PBXBuildFile section */

/* Begin PBXFileReference section */
		04418CB36C4CBD5AC4E38491 /* Pods-妙汇.debug.xcconfig */ = {isa = PBXFileReference; includeInIndex = 1; lastKnownFileType = text.xcconfig; name = "Pods-妙汇.debug.xcconfig"; path = "Pods/Target Support Files/Pods-妙汇/Pods-妙汇.debug.xcconfig"; sourceTree = "<group>"; };
		2BE9E656026BA555AE665F7E /* Pods-妙汇.release.xcconfig */ = {isa = PBXFileReference; includeInIndex = 1; lastKnownFileType = text.xcconfig; name = "Pods-妙汇.release.xcconfig"; path = "Pods/Target Support Files/Pods-妙汇/Pods-妙汇.release.xcconfig"; sourceTree = "<group>"; };
		68120C631DB70715000CA19D /* MHADScrollView.swift */ = {isa = PBXFileReference; fileEncoding = 4; lastKnownFileType = sourcecode.swift; path = MHADScrollView.swift; sourceTree = "<group>"; };
		68120C651DB71C9D000CA19D /* MHHomeADTableViewCell.swift */ = {isa = PBXFileReference; fileEncoding = 4; lastKnownFileType = sourcecode.swift; path = MHHomeADTableViewCell.swift; sourceTree = "<group>"; };
		68120C661DB71C9D000CA19D /* MHHomeADTableViewCell.xib */ = {isa = PBXFileReference; fileEncoding = 4; lastKnownFileType = file.xib; path = MHHomeADTableViewCell.xib; sourceTree = "<group>"; };
		68120C711DB764BA000CA19D /* MHHomePromotionsTableViewCell.swift */ = {isa = PBXFileReference; fileEncoding = 4; lastKnownFileType = sourcecode.swift; path = MHHomePromotionsTableViewCell.swift; sourceTree = "<group>"; };
		68120C721DB764BA000CA19D /* MHHomePromotionsTableViewCell.xib */ = {isa = PBXFileReference; fileEncoding = 4; lastKnownFileType = file.xib; path = MHHomePromotionsTableViewCell.xib; sourceTree = "<group>"; };
		68120C751DB76B87000CA19D /* MHHomePromotionsItem.swift */ = {isa = PBXFileReference; fileEncoding = 4; lastKnownFileType = sourcecode.swift; path = MHHomePromotionsItem.swift; sourceTree = "<group>"; };
		68120C791DB774E4000CA19D /* MHTabBarController.swift */ = {isa = PBXFileReference; fileEncoding = 4; lastKnownFileType = sourcecode.swift; path = MHTabBarController.swift; sourceTree = "<group>"; };
		68120C7B1DB85C2A000CA19D /* MHHomeViewfieldTableViewCell.swift */ = {isa = PBXFileReference; fileEncoding = 4; lastKnownFileType = sourcecode.swift; path = MHHomeViewfieldTableViewCell.swift; sourceTree = "<group>"; };
		68120C7C1DB85C2A000CA19D /* MHHomeViewfieldTableViewCell.xib */ = {isa = PBXFileReference; fileEncoding = 4; lastKnownFileType = file.xib; path = MHHomeViewfieldTableViewCell.xib; sourceTree = "<group>"; };
		68120C7F1DB85DEC000CA19D /* MHVerticalADView.swift */ = {isa = PBXFileReference; fileEncoding = 4; lastKnownFileType = sourcecode.swift; path = MHVerticalADView.swift; sourceTree = "<group>"; };
		68120C811DB86845000CA19D /* MHHomeViewfieldItem.swift */ = {isa = PBXFileReference; fileEncoding = 4; lastKnownFileType = sourcecode.swift; path = MHHomeViewfieldItem.swift; sourceTree = "<group>"; };
		68120C831DB8684F000CA19D /* MHHomeViewfieldItem.xib */ = {isa = PBXFileReference; fileEncoding = 4; lastKnownFileType = file.xib; path = MHHomeViewfieldItem.xib; sourceTree = "<group>"; };
		68120CA91DB9BA37000CA19D /* MHRefreshHeader.swift */ = {isa = PBXFileReference; fileEncoding = 4; lastKnownFileType = sourcecode.swift; path = MHRefreshHeader.swift; sourceTree = "<group>"; };
		68120CAB1DB9BA45000CA19D /* MHRefreshNormalHeader.xib */ = {isa = PBXFileReference; fileEncoding = 4; lastKnownFileType = file.xib; path = MHRefreshNormalHeader.xib; sourceTree = "<group>"; };
		68120CAD1DB9BC32000CA19D /* MHRefreshCommon.swift */ = {isa = PBXFileReference; fileEncoding = 4; lastKnownFileType = sourcecode.swift; path = MHRefreshCommon.swift; sourceTree = "<group>"; };
		68120CAF1DB9C053000CA19D /* MHRefresh.swift */ = {isa = PBXFileReference; fileEncoding = 4; lastKnownFileType = sourcecode.swift; path = MHRefresh.swift; sourceTree = "<group>"; };
		68120CB11DB9E75C000CA19D /* MHRefreshBase.swift */ = {isa = PBXFileReference; fileEncoding = 4; lastKnownFileType = sourcecode.swift; path = MHRefreshBase.swift; sourceTree = "<group>"; };
		6817E0331DBA092D00B9B6E7 /* MHRefreshNormalHeader.swift */ = {isa = PBXFileReference; fileEncoding = 4; lastKnownFileType = sourcecode.swift; path = MHRefreshNormalHeader.swift; sourceTree = "<group>"; };
		6817E0431DBA1E2800B9B6E7 /* home.json */ = {isa = PBXFileReference; fileEncoding = 4; lastKnownFileType = text.json; path = home.json; sourceTree = "<group>"; };
		682D302B1DBF29380017CFDC /* MHRefreshFooter.swift */ = {isa = PBXFileReference; fileEncoding = 4; lastKnownFileType = sourcecode.swift; path = MHRefreshFooter.swift; sourceTree = "<group>"; };
		682D302D1DBF438B0017CFDC /* MHRefreshNormalFooter.swift */ = {isa = PBXFileReference; fileEncoding = 4; lastKnownFileType = sourcecode.swift; path = MHRefreshNormalFooter.swift; sourceTree = "<group>"; };
		682D302F1DBF439C0017CFDC /* MHRefreshNormalFooter.xib */ = {isa = PBXFileReference; fileEncoding = 4; lastKnownFileType = file.xib; path = MHRefreshNormalFooter.xib; sourceTree = "<group>"; };
		682D30321DBF68040017CFDC /* MHAnimationHeartBtn.swift */ = {isa = PBXFileReference; fileEncoding = 4; lastKnownFileType = sourcecode.swift; path = MHAnimationHeartBtn.swift; sourceTree = "<group>"; };
		6843C48E1DB4D87F00CA881F /* 妙汇.app */ = {isa = PBXFileReference; explicitFileType = wrapper.application; includeInIndex = 0; path = "妙汇.app"; sourceTree = BUILT_PRODUCTS_DIR; };
		6843C4911DB4D87F00CA881F /* AppDelegate.swift */ = {isa = PBXFileReference; lastKnownFileType = sourcecode.swift; path = AppDelegate.swift; sourceTree = "<group>"; };
		6843C4961DB4D87F00CA881F /* Base */ = {isa = PBXFileReference; lastKnownFileType = file.storyboard; name = Base; path = Base.lproj/Main.storyboard; sourceTree = "<group>"; };
		6843C4981DB4D87F00CA881F /* Assets.xcassets */ = {isa = PBXFileReference; lastKnownFileType = folder.assetcatalog; path = Assets.xcassets; sourceTree = "<group>"; };
		6843C49B1DB4D87F00CA881F /* Base */ = {isa = PBXFileReference; lastKnownFileType = file.storyboard; name = Base; path = Base.lproj/LaunchScreen.storyboard; sourceTree = "<group>"; };
		6843C49D1DB4D87F00CA881F /* Info.plist */ = {isa = PBXFileReference; lastKnownFileType = text.plist.xml; path = Info.plist; sourceTree = "<group>"; };
		6843C4AB1DB5B52700CA881F /* PrefixHeader.pch */ = {isa = PBXFileReference; lastKnownFileType = sourcecode.c.h; path = PrefixHeader.pch; sourceTree = "<group>"; };
		6843C4AD1DB5B66900CA881F /* MHBaseNavController.swift */ = {isa = PBXFileReference; fileEncoding = 4; lastKnownFileType = sourcecode.swift; path = MHBaseNavController.swift; sourceTree = "<group>"; };
		6843C4AF1DB5B68900CA881F /* MHHomeTableViewController.swift */ = {isa = PBXFileReference; fileEncoding = 4; lastKnownFileType = sourcecode.swift; path = MHHomeTableViewController.swift; sourceTree = "<group>"; };
		6843C4B21DB5B83A00CA881F /* MHGoodsTableViewCell.swift */ = {isa = PBXFileReference; fileEncoding = 4; lastKnownFileType = sourcecode.swift; path = MHGoodsTableViewCell.swift; sourceTree = "<group>"; };
		6843C4B61DB5BAF900CA881F /* MHHomeParser.swift */ = {isa = PBXFileReference; fileEncoding = 4; lastKnownFileType = sourcecode.swift; path = MHHomeParser.swift; sourceTree = "<group>"; };
		6843C4B81DB5BC0700CA881F /* MHHomeModel.swift */ = {isa = PBXFileReference; fileEncoding = 4; lastKnownFileType = sourcecode.swift; path = MHHomeModel.swift; sourceTree = "<group>"; };
		6843C4BB1DB5BC8500CA881F /* MHNetwork.swift */ = {isa = PBXFileReference; fileEncoding = 4; lastKnownFileType = sourcecode.swift; path = MHNetwork.swift; sourceTree = "<group>"; };
		6855A8621DD1AE38009320F0 /* 视野.png */ = {isa = PBXFileReference; lastKnownFileType = image.png; path = "视野.png"; sourceTree = "<group>"; };
		6855A8631DD1AE38009320F0 /* 首页.png */ = {isa = PBXFileReference; lastKnownFileType = image.png; path = "首页.png"; sourceTree = "<group>"; };
		6855A8641DD1AE38009320F0 /* 分类界面.png */ = {isa = PBXFileReference; lastKnownFileType = image.png; path = "分类界面.png"; sourceTree = "<group>"; };
		6855A8651DD1AE38009320F0 /* 分类详情.png */ = {isa = PBXFileReference; lastKnownFileType = image.png; path = "分类详情.png"; sourceTree = "<group>"; };
		6868B5BF1DCB21ED00CA79E8 /* MHScanerViewController.swift */ = {isa = PBXFileReference; fileEncoding = 4; lastKnownFileType = sourcecode.swift; path = MHScanerViewController.swift; sourceTree = "<group>"; };
		6868B5C01DCB21ED00CA79E8 /* MHScanerViewController.xib */ = {isa = PBXFileReference; fileEncoding = 4; lastKnownFileType = file.xib; path = MHScanerViewController.xib; sourceTree = "<group>"; };
		6868B5C31DCB236300CA79E8 /* MHCommonSetting.swift */ = {isa = PBXFileReference; fileEncoding = 4; lastKnownFileType = sourcecode.swift; path = MHCommonSetting.swift; sourceTree = "<group>"; };
		6868B5C51DCB45E100CA79E8 /* MHScanResultViewController.swift */ = {isa = PBXFileReference; fileEncoding = 4; lastKnownFileType = sourcecode.swift; path = MHScanResultViewController.swift; sourceTree = "<group>"; };
		6868B5C61DCB45E100CA79E8 /* MHScanResultViewController.xib */ = {isa = PBXFileReference; fileEncoding = 4; lastKnownFileType = file.xib; path = MHScanResultViewController.xib; sourceTree = "<group>"; };
		687054F91DC9853400EF132D /* HMSegmentedControl.h */ = {isa = PBXFileReference; fileEncoding = 4; lastKnownFileType = sourcecode.c.h; path = HMSegmentedControl.h; sourceTree = "<group>"; };
		687054FA1DC9853400EF132D /* HMSegmentedControl.m */ = {isa = PBXFileReference; fileEncoding = 4; lastKnownFileType = sourcecode.c.objc; path = HMSegmentedControl.m; sourceTree = "<group>"; };
		687054FC1DC9864200EF132D /* MH-Bridge.h */ = {isa = PBXFileReference; lastKnownFileType = sourcecode.c.h; path = "MH-Bridge.h"; sourceTree = "<group>"; };
		687054FD1DC990C100EF132D /* MHFieldOfViewCategoryView.swift */ = {isa = PBXFileReference; fileEncoding = 4; lastKnownFileType = sourcecode.swift; path = MHFieldOfViewCategoryView.swift; sourceTree = "<group>"; };
		687A3E561DC0A142004D91B7 /* MHCategoryBtn.swift */ = {isa = PBXFileReference; fileEncoding = 4; lastKnownFileType = sourcecode.swift; path = MHCategoryBtn.swift; sourceTree = "<group>"; };
		687A3E581DC0A310004D91B7 /* MHCategoryViewController.swift */ = {isa = PBXFileReference; fileEncoding = 4; lastKnownFileType = sourcecode.swift; path = MHCategoryViewController.swift; sourceTree = "<group>"; };
		687A3E5A1DC0A54C004D91B7 /* category.json */ = {isa = PBXFileReference; fileEncoding = 4; lastKnownFileType = text.json; path = category.json; sourceTree = "<group>"; };
		687A3E5C1DC0A586004D91B7 /* MHCategoryParser.swift */ = {isa = PBXFileReference; fileEncoding = 4; lastKnownFileType = sourcecode.swift; path = MHCategoryParser.swift; sourceTree = "<group>"; };
		687A3E601DC19BD7004D91B7 /* MHCategoryDetailViewController.swift */ = {isa = PBXFileReference; fileEncoding = 4; lastKnownFileType = sourcecode.swift; path = MHCategoryDetailViewController.swift; sourceTree = "<group>"; };
		687A3E621DC1A059004D91B7 /* category_hot.json */ = {isa = PBXFileReference; fileEncoding = 4; lastKnownFileType = text.json; path = category_hot.json; sourceTree = "<group>"; };
		687A3E641DC1A0BA004D91B7 /* category_new.json */ = {isa = PBXFileReference; fileEncoding = 4; lastKnownFileType = text.json; path = category_new.json; sourceTree = "<group>"; };
		687A3E661DC1A18B004D91B7 /* MHCategoryDetailParser.swift */ = {isa = PBXFileReference; fileEncoding = 4; lastKnownFileType = sourcecode.swift; path = MHCategoryDetailParser.swift; sourceTree = "<group>"; };
		687A3E681DC1A52E004D91B7 /* MHResponseModel.swift */ = {isa = PBXFileReference; fileEncoding = 4; lastKnownFileType = sourcecode.swift; path = MHResponseModel.swift; sourceTree = "<group>"; };
		687A3E6A1DC1CDD1004D91B7 /* MHCategoryDetail.swift */ = {isa = PBXFileReference; fileEncoding = 4; lastKnownFileType = sourcecode.swift; path = MHCategoryDetail.swift; sourceTree = "<group>"; };
		687B57AA1DC6DF8A007B136F /* MHFilterView.swift */ = {isa = PBXFileReference; fileEncoding = 4; lastKnownFileType = sourcecode.swift; path = MHFilterView.swift; sourceTree = "<group>"; };
		687B57AC1DC6E1A9007B136F /* MHCustomFilterPriceTableViewCell.swift */ = {isa = PBXFileReference; fileEncoding = 4; lastKnownFileType = sourcecode.swift; path = MHCustomFilterPriceTableViewCell.swift; sourceTree = "<group>"; };
		687B57AD1DC6E1A9007B136F /* MHCustomFilterPriceTableViewCell.xib */ = {isa = PBXFileReference; fileEncoding = 4; lastKnownFileType = file.xib; path = MHCustomFilterPriceTableViewCell.xib; sourceTree = "<group>"; };
		68B0879E1DC8703C009E3D8C /* MHFieldOfViewViewController.swift */ = {isa = PBXFileReference; fileEncoding = 4; lastKnownFileType = sourcecode.swift; path = MHFieldOfViewViewController.swift; sourceTree = "<group>"; };
		68B087A01DC87740009E3D8C /* fieldOfView_category.json */ = {isa = PBXFileReference; fileEncoding = 4; lastKnownFileType = text.json; path = fieldOfView_category.json; sourceTree = "<group>"; };
		68B087A41DC8779A009E3D8C /* fieldOfView_all.json */ = {isa = PBXFileReference; fileEncoding = 4; lastKnownFileType = text.json; path = fieldOfView_all.json; sourceTree = "<group>"; };
		68B087A61DC877E1009E3D8C /* MHFieldOfViewParser.swift */ = {isa = PBXFileReference; fileEncoding = 4; lastKnownFileType = sourcecode.swift; path = MHFieldOfViewParser.swift; sourceTree = "<group>"; };
		68B087A81DC87915009E3D8C /* MHFieldOfViewModel.swift */ = {isa = PBXFileReference; fileEncoding = 4; lastKnownFileType = sourcecode.swift; path = MHFieldOfViewModel.swift; sourceTree = "<group>"; };
		68B087AB1DC87BBC009E3D8C /* MHFieldOfViewListTableViewCell.swift */ = {isa = PBXFileReference; fileEncoding = 4; lastKnownFileType = sourcecode.swift; path = MHFieldOfViewListTableViewCell.swift; sourceTree = "<group>"; };
		68B087AD1DC880B7009E3D8C /* MHFieldOfViewDetailViewController.swift */ = {isa = PBXFileReference; fileEncoding = 4; lastKnownFileType = sourcecode.swift; path = MHFieldOfViewDetailViewController.swift; sourceTree = "<group>"; };
		68BD0D581DB622DB000BB94B /* MHHomeNavigatorTableViewCell.swift */ = {isa = PBXFileReference; fileEncoding = 4; lastKnownFileType = sourcecode.swift; path = MHHomeNavigatorTableViewCell.swift; sourceTree = "<group>"; };
		68BD0D591DB622DB000BB94B /* MHHomeNavigatorTableViewCell.xib */ = {isa = PBXFileReference; fileEncoding = 4; lastKnownFileType = file.xib; path = MHHomeNavigatorTableViewCell.xib; sourceTree = "<group>"; };
		68BD0D5C1DB623EC000BB94B /* MHNavItemCollectionViewCell.swift */ = {isa = PBXFileReference; fileEncoding = 4; lastKnownFileType = sourcecode.swift; path = MHNavItemCollectionViewCell.swift; sourceTree = "<group>"; };
		68BD0D5D1DB623EC000BB94B /* MHNavItemCollectionViewCell.xib */ = {isa = PBXFileReference; fileEncoding = 4; lastKnownFileType = file.xib; path = MHNavItemCollectionViewCell.xib; sourceTree = "<group>"; };
		68BD0D601DB62B70000BB94B /* MHConst.swift */ = {isa = PBXFileReference; fileEncoding = 4; lastKnownFileType = sourcecode.swift; path = MHConst.swift; sourceTree = "<group>"; };
		68BD0D631DB62F73000BB94B /* MHExtension.swift */ = {isa = PBXFileReference; fileEncoding = 4; lastKnownFileType = sourcecode.swift; path = MHExtension.swift; sourceTree = "<group>"; };
		68CCD4B51DD1B661004AF803 /* 首页gif.gif */ = {isa = PBXFileReference; lastKnownFileType = image.gif; path = "首页gif.gif"; sourceTree = "<group>"; };
		68CCD4B61DD1B661004AF803 /* 分类gif.gif */ = {isa = PBXFileReference; lastKnownFileType = image.gif; path = "分类gif.gif"; sourceTree = "<group>"; };
		68CCD4B71DD1B661004AF803 /* 视野gif.gif */ = {isa = PBXFileReference; lastKnownFileType = image.gif; path = "视野gif.gif"; sourceTree = "<group>"; };
		68E3A3501DC9D1B6005CE0CE /* MHFOVCategoryCollectionViewCell.swift */ = {isa = PBXFileReference; fileEncoding = 4; lastKnownFileType = sourcecode.swift; path = MHFOVCategoryCollectionViewCell.swift; sourceTree = "<group>"; };
		68E3A3511DC9D1B6005CE0CE /* MHFOVCategoryCollectionViewCell.xib */ = {isa = PBXFileReference; fileEncoding = 4; lastKnownFileType = file.xib; path = MHFOVCategoryCollectionViewCell.xib; sourceTree = "<group>"; };
		68E4AC1B1DDE941000E4E12B /* MHMeViewController.swift */ = {isa = PBXFileReference; fileEncoding = 4; lastKnownFileType = sourcecode.swift; path = MHMeViewController.swift; sourceTree = "<group>"; };
		FAFC5B976203B5D1AB84F385 /* Pods___.framework */ = {isa = PBXFileReference; explicitFileType = wrapper.framework; includeInIndex = 0; path = Pods___.framework; sourceTree = BUILT_PRODUCTS_DIR; };
/* End PBXFileReference section */

/* Begin PBXFrameworksBuildPhase section */
		6843C48B1DB4D87F00CA881F /* Frameworks */ = {
			isa = PBXFrameworksBuildPhase;
			buildActionMask = 2147483647;
			files = (
				AF8723B8E24D9E1E8F1F4F60 /* Pods___.framework in Frameworks */,
			);
			runOnlyForDeploymentPostprocessing = 0;
		};
/* End PBXFrameworksBuildPhase section */

/* Begin PBXGroup section */
		142B07FF12E0ACF2D3654961 /* Frameworks */ = {
			isa = PBXGroup;
			children = (
				FAFC5B976203B5D1AB84F385 /* Pods___.framework */,
			);
			name = Frameworks;
			sourceTree = "<group>";
		};
		68120C621DB706F8000CA19D /* ADScrollView */ = {
			isa = PBXGroup;
			children = (
				68120C631DB70715000CA19D /* MHADScrollView.swift */,
				68120C7F1DB85DEC000CA19D /* MHVerticalADView.swift */,
			);
			name = ADScrollView;
			sourceTree = "<group>";
		};
		68120CA81DB9BA0C000CA19D /* PullRefresh */ = {
			isa = PBXGroup;
			children = (
				68120CAF1DB9C053000CA19D /* MHRefresh.swift */,
				68120CAD1DB9BC32000CA19D /* MHRefreshCommon.swift */,
				68120CB11DB9E75C000CA19D /* MHRefreshBase.swift */,
				68120CA91DB9BA37000CA19D /* MHRefreshHeader.swift */,
				6817E0331DBA092D00B9B6E7 /* MHRefreshNormalHeader.swift */,
				68120CAB1DB9BA45000CA19D /* MHRefreshNormalHeader.xib */,
				682D302B1DBF29380017CFDC /* MHRefreshFooter.swift */,
				682D302D1DBF438B0017CFDC /* MHRefreshNormalFooter.swift */,
				682D302F1DBF439C0017CFDC /* MHRefreshNormalFooter.xib */,
			);
			name = PullRefresh;
			sourceTree = "<group>";
		};
		682D30311DBF67A50017CFDC /* HeartAnimationBtn */ = {
			isa = PBXGroup;
			children = (
				682D30321DBF68040017CFDC /* MHAnimationHeartBtn.swift */,
			);
			name = HeartAnimationBtn;
			sourceTree = "<group>";
		};
		6843C4851DB4D87F00CA881F = {
			isa = PBXGroup;
			children = (
				6843C4901DB4D87F00CA881F /* 妙汇 */,
				6843C48F1DB4D87F00CA881F /* Products */,
				BF2E18DD2EA09629F21A7565 /* Pods */,
				142B07FF12E0ACF2D3654961 /* Frameworks */,
			);
			sourceTree = "<group>";
		};
		6843C48F1DB4D87F00CA881F /* Products */ = {
			isa = PBXGroup;
			children = (
				6843C48E1DB4D87F00CA881F /* 妙汇.app */,
			);
			name = Products;
			sourceTree = "<group>";
		};
		6843C4901DB4D87F00CA881F /* 妙汇 */ = {
			isa = PBXGroup;
			children = (
				6843C4B41DB5BA8300CA881F /* Data&Protocols */,
				6843C4A91DB5B4B300CA881F /* Util */,
				6843C4A71DB5B49500CA881F /* Vendor */,
				6843C4A61DB4DFCD00CA881F /* Controllers */,
				6843C4A51DB4DFC800CA881F /* Views */,
				6843C4A41DB4DFBF00CA881F /* Models */,
				6843C4A31DB4DB9F00CA881F /* supportFiles */,
			);
			path = "妙汇";
			sourceTree = "<group>";
		};
		6843C4A31DB4DB9F00CA881F /* supportFiles */ = {
			isa = PBXGroup;
			children = (
				68CCD4B51DD1B661004AF803 /* 首页gif.gif */,
				68CCD4B61DD1B661004AF803 /* 分类gif.gif */,
				68CCD4B71DD1B661004AF803 /* 视野gif.gif */,
				6855A8621DD1AE38009320F0 /* 视野.png */,
				6855A8631DD1AE38009320F0 /* 首页.png */,
				6855A8641DD1AE38009320F0 /* 分类界面.png */,
				6855A8651DD1AE38009320F0 /* 分类详情.png */,
				6843C4911DB4D87F00CA881F /* AppDelegate.swift */,
				6843C4951DB4D87F00CA881F /* Main.storyboard */,
				6843C4981DB4D87F00CA881F /* Assets.xcassets */,
				6843C49A1DB4D87F00CA881F /* LaunchScreen.storyboard */,
				6843C49D1DB4D87F00CA881F /* Info.plist */,
				6843C4AB1DB5B52700CA881F /* PrefixHeader.pch */,
				68BD0D601DB62B70000BB94B /* MHConst.swift */,
				687054FC1DC9864200EF132D /* MH-Bridge.h */,
			);
			name = supportFiles;
			sourceTree = "<group>";
		};
		6843C4A41DB4DFBF00CA881F /* Models */ = {
			isa = PBXGroup;
			children = (
				6843C4B81DB5BC0700CA881F /* MHHomeModel.swift */,
				687A3E681DC1A52E004D91B7 /* MHResponseModel.swift */,
				687A3E6A1DC1CDD1004D91B7 /* MHCategoryDetail.swift */,
				68B087A81DC87915009E3D8C /* MHFieldOfViewModel.swift */,
			);
			name = Models;
			sourceTree = "<group>";
		};
		6843C4A51DB4DFC800CA881F /* Views */ = {
			isa = PBXGroup;
			children = (
				68B087AA1DC87B9C009E3D8C /* FieldOfView */,
				687A3E551DC0A130004D91B7 /* Category */,
				6843C4B11DB5B78200CA881F /* Home */,
			);
			name = Views;
			sourceTree = "<group>";
		};
		6843C4A61DB4DFCD00CA881F /* Controllers */ = {
			isa = PBXGroup;
			children = (
				68E4AC1A1DDE93F500E4E12B /* Me */,
				68B0879D1DC86FCC009E3D8C /* FieldOfView */,
				687A3E541DC09E3F004D91B7 /* Category */,
				6843C4AC1DB5B64200CA881F /* Home */,
				6843C4AA1DB5B4F700CA881F /* Base */,
				68120C791DB774E4000CA19D /* MHTabBarController.swift */,
			);
			name = Controllers;
			sourceTree = "<group>";
		};
		6843C4A71DB5B49500CA881F /* Vendor */ = {
			isa = PBXGroup;
			children = (
				687054F81DC9853400EF132D /* HMSegmentedControl */,
				682D30311DBF67A50017CFDC /* HeartAnimationBtn */,
				68120CA81DB9BA0C000CA19D /* PullRefresh */,
				68120C621DB706F8000CA19D /* ADScrollView */,
			);
			name = Vendor;
			sourceTree = "<group>";
		};
		6843C4A91DB5B4B300CA881F /* Util */ = {
			isa = PBXGroup;
			children = (
				68BD0D621DB62F5C000BB94B /* Extension */,
				6843C4BA1DB5BC6200CA881F /* Network */,
			);
			name = Util;
			sourceTree = "<group>";
		};
		6843C4AA1DB5B4F700CA881F /* Base */ = {
			isa = PBXGroup;
			children = (
				6843C4AD1DB5B66900CA881F /* MHBaseNavController.swift */,
				6868B5C31DCB236300CA79E8 /* MHCommonSetting.swift */,
			);
			name = Base;
			sourceTree = "<group>";
		};
		6843C4AC1DB5B64200CA881F /* Home */ = {
			isa = PBXGroup;
			children = (
				6843C4AF1DB5B68900CA881F /* MHHomeTableViewController.swift */,
				6868B5BF1DCB21ED00CA79E8 /* MHScanerViewController.swift */,
				6868B5C01DCB21ED00CA79E8 /* MHScanerViewController.xib */,
				6868B5C51DCB45E100CA79E8 /* MHScanResultViewController.swift */,
				6868B5C61DCB45E100CA79E8 /* MHScanResultViewController.xib */,
			);
			name = Home;
			sourceTree = "<group>";
		};
		6843C4B11DB5B78200CA881F /* Home */ = {
			isa = PBXGroup;
			children = (
				6843C4B21DB5B83A00CA881F /* MHGoodsTableViewCell.swift */,
				68120C651DB71C9D000CA19D /* MHHomeADTableViewCell.swift */,
				68BD0D581DB622DB000BB94B /* MHHomeNavigatorTableViewCell.swift */,
				68120C751DB76B87000CA19D /* MHHomePromotionsItem.swift */,
				68120C711DB764BA000CA19D /* MHHomePromotionsTableViewCell.swift */,
				68120C811DB86845000CA19D /* MHHomeViewfieldItem.swift */,
				68120C7B1DB85C2A000CA19D /* MHHomeViewfieldTableViewCell.swift */,
				68BD0D5C1DB623EC000BB94B /* MHNavItemCollectionViewCell.swift */,
				68120C661DB71C9D000CA19D /* MHHomeADTableViewCell.xib */,
				68BD0D591DB622DB000BB94B /* MHHomeNavigatorTableViewCell.xib */,
				68120C721DB764BA000CA19D /* MHHomePromotionsTableViewCell.xib */,
				68120C831DB8684F000CA19D /* MHHomeViewfieldItem.xib */,
				68120C7C1DB85C2A000CA19D /* MHHomeViewfieldTableViewCell.xib */,
				68BD0D5D1DB623EC000BB94B /* MHNavItemCollectionViewCell.xib */,
			);
			name = Home;
			sourceTree = "<group>";
		};
		6843C4B41DB5BA8300CA881F /* Data&Protocols */ = {
			isa = PBXGroup;
			children = (
				687A3E621DC1A059004D91B7 /* category_hot.json */,
				687A3E641DC1A0BA004D91B7 /* category_new.json */,
				687A3E5A1DC0A54C004D91B7 /* category.json */,
				68B087A41DC8779A009E3D8C /* fieldOfView_all.json */,
				68B087A01DC87740009E3D8C /* fieldOfView_category.json */,
				6817E0431DBA1E2800B9B6E7 /* home.json */,
				687A3E661DC1A18B004D91B7 /* MHCategoryDetailParser.swift */,
				687A3E5C1DC0A586004D91B7 /* MHCategoryParser.swift */,
				6843C4B61DB5BAF900CA881F /* MHHomeParser.swift */,
				68B087A61DC877E1009E3D8C /* MHFieldOfViewParser.swift */,
			);
			name = "Data&Protocols";
			sourceTree = "<group>";
		};
		6843C4BA1DB5BC6200CA881F /* Network */ = {
			isa = PBXGroup;
			children = (
				6843C4BB1DB5BC8500CA881F /* MHNetwork.swift */,
			);
			name = Network;
			sourceTree = "<group>";
		};
		687054F81DC9853400EF132D /* HMSegmentedControl */ = {
			isa = PBXGroup;
			children = (
				687054F91DC9853400EF132D /* HMSegmentedControl.h */,
				687054FA1DC9853400EF132D /* HMSegmentedControl.m */,
			);
			path = HMSegmentedControl;
			sourceTree = "<group>";
		};
		687A3E541DC09E3F004D91B7 /* Category */ = {
			isa = PBXGroup;
			children = (
				687A3E581DC0A310004D91B7 /* MHCategoryViewController.swift */,
				687A3E601DC19BD7004D91B7 /* MHCategoryDetailViewController.swift */,
			);
			name = Category;
			sourceTree = "<group>";
		};
		687A3E551DC0A130004D91B7 /* Category */ = {
			isa = PBXGroup;
			children = (
				687A3E561DC0A142004D91B7 /* MHCategoryBtn.swift */,
				687B57AA1DC6DF8A007B136F /* MHFilterView.swift */,
				687B57AC1DC6E1A9007B136F /* MHCustomFilterPriceTableViewCell.swift */,
				687B57AD1DC6E1A9007B136F /* MHCustomFilterPriceTableViewCell.xib */,
			);
			name = Category;
			sourceTree = "<group>";
		};
		68B0879D1DC86FCC009E3D8C /* FieldOfView */ = {
			isa = PBXGroup;
			children = (
				68B0879E1DC8703C009E3D8C /* MHFieldOfViewViewController.swift */,
				68B087AD1DC880B7009E3D8C /* MHFieldOfViewDetailViewController.swift */,
			);
			name = FieldOfView;
			sourceTree = "<group>";
		};
		68B087AA1DC87B9C009E3D8C /* FieldOfView */ = {
			isa = PBXGroup;
			children = (
				68B087AB1DC87BBC009E3D8C /* MHFieldOfViewListTableViewCell.swift */,
				687054FD1DC990C100EF132D /* MHFieldOfViewCategoryView.swift */,
				68E3A3501DC9D1B6005CE0CE /* MHFOVCategoryCollectionViewCell.swift */,
				68E3A3511DC9D1B6005CE0CE /* MHFOVCategoryCollectionViewCell.xib */,
			);
			name = FieldOfView;
			sourceTree = "<group>";
		};
		68BD0D621DB62F5C000BB94B /* Extension */ = {
			isa = PBXGroup;
			children = (
				68BD0D631DB62F73000BB94B /* MHExtension.swift */,
			);
			name = Extension;
			sourceTree = "<group>";
		};
		68E4AC1A1DDE93F500E4E12B /* Me */ = {
			isa = PBXGroup;
			children = (
				68E4AC1B1DDE941000E4E12B /* MHMeViewController.swift */,
			);
			name = Me;
			sourceTree = "<group>";
		};
		BF2E18DD2EA09629F21A7565 /* Pods */ = {
			isa = PBXGroup;
			children = (
				04418CB36C4CBD5AC4E38491 /* Pods-妙汇.debug.xcconfig */,
				2BE9E656026BA555AE665F7E /* Pods-妙汇.release.xcconfig */,
			);
			name = Pods;
			sourceTree = "<group>";
		};
/* End PBXGroup section */

/* Begin PBXNativeTarget section */
		6843C48D1DB4D87F00CA881F /* 妙汇 */ = {
			isa = PBXNativeTarget;
			buildConfigurationList = 6843C4A01DB4D87F00CA881F /* Build configuration list for PBXNativeTarget "妙汇" */;
			buildPhases = (
				514EB21B153B2CA9D36EFF1E /* [CP] Check Pods Manifest.lock */,
				6843C48A1DB4D87F00CA881F /* Sources */,
				6843C48B1DB4D87F00CA881F /* Frameworks */,
				6843C48C1DB4D87F00CA881F /* Resources */,
				A5780F1ED189565FE99C7F93 /* [CP] Embed Pods Frameworks */,
				DE52C83DA49373BF1E86C60C /* [CP] Copy Pods Resources */,
			);
			buildRules = (
			);
			dependencies = (
			);
			name = "妙汇";
			productName = "妙汇";
			productReference = 6843C48E1DB4D87F00CA881F /* 妙汇.app */;
			productType = "com.apple.product-type.application";
		};
/* End PBXNativeTarget section */

/* Begin PBXProject section */
		6843C4861DB4D87F00CA881F /* Project object */ = {
			isa = PBXProject;
			attributes = {
				CLASSPREFIX = MH;
				LastSwiftUpdateCheck = 0800;
				LastUpgradeCheck = 0800;
				ORGANIZATIONNAME = "韩威";
				TargetAttributes = {
					6843C48D1DB4D87F00CA881F = {
						CreatedOnToolsVersion = 8.0;
						DevelopmentTeam = NDXGPJ8CAV;
						LastSwiftMigration = 0800;
						ProvisioningStyle = Automatic;
					};
				};
			};
			buildConfigurationList = 6843C4891DB4D87F00CA881F /* Build configuration list for PBXProject "妙汇" */;
			compatibilityVersion = "Xcode 3.2";
			developmentRegion = English;
			hasScannedForEncodings = 0;
			knownRegions = (
				en,
				Base,
			);
			mainGroup = 6843C4851DB4D87F00CA881F;
			productRefGroup = 6843C48F1DB4D87F00CA881F /* Products */;
			projectDirPath = "";
			projectRoot = "";
			targets = (
				6843C48D1DB4D87F00CA881F /* 妙汇 */,
			);
		};
/* End PBXProject section */

/* Begin PBXResourcesBuildPhase section */
		6843C48C1DB4D87F00CA881F /* Resources */ = {
			isa = PBXResourcesBuildPhase;
			buildActionMask = 2147483647;
			files = (
				687A3E5B1DC0A54C004D91B7 /* category.json in Resources */,
				6868B5C81DCB45E100CA79E8 /* MHScanResultViewController.xib in Resources */,
				687B57AF1DC6E1A9007B136F /* MHCustomFilterPriceTableViewCell.xib in Resources */,
				687A3E651DC1A0BA004D91B7 /* category_new.json in Resources */,
				6843C49C1DB4D87F00CA881F /* LaunchScreen.storyboard in Resources */,
				68B087A51DC8779A009E3D8C /* fieldOfView_all.json in Resources */,
				68BD0D5F1DB623EC000BB94B /* MHNavItemCollectionViewCell.xib in Resources */,
				68120C7E1DB85C2A000CA19D /* MHHomeViewfieldTableViewCell.xib in Resources */,
				6817E0441DBA1E2800B9B6E7 /* home.json in Resources */,
				68120C841DB8684F000CA19D /* MHHomeViewfieldItem.xib in Resources */,
				6855A8681DD1AE38009320F0 /* 分类界面.png in Resources */,
				68120C741DB764BA000CA19D /* MHHomePromotionsTableViewCell.xib in Resources */,
				6855A8691DD1AE38009320F0 /* 分类详情.png in Resources */,
				682D30301DBF439C0017CFDC /* MHRefreshNormalFooter.xib in Resources */,
				68CCD4B81DD1B661004AF803 /* 首页gif.gif in Resources */,
				6868B5C21DCB21ED00CA79E8 /* MHScanerViewController.xib in Resources */,
				68CCD4B91DD1B661004AF803 /* 分类gif.gif in Resources */,
				68E3A3531DC9D1B6005CE0CE /* MHFOVCategoryCollectionViewCell.xib in Resources */,
				68120C681DB71C9D000CA19D /* MHHomeADTableViewCell.xib in Resources */,
				6855A8661DD1AE38009320F0 /* 视野.png in Resources */,
				68B087A11DC87740009E3D8C /* fieldOfView_category.json in Resources */,
				6843C4991DB4D87F00CA881F /* Assets.xcassets in Resources */,
				68BD0D5B1DB622DB000BB94B /* MHHomeNavigatorTableViewCell.xib in Resources */,
				68CCD4BA1DD1B661004AF803 /* 视野gif.gif in Resources */,
				6843C4971DB4D87F00CA881F /* Main.storyboard in Resources */,
				68120CAC1DB9BA45000CA19D /* MHRefreshNormalHeader.xib in Resources */,
				6855A8671DD1AE38009320F0 /* 首页.png in Resources */,
				687A3E631DC1A059004D91B7 /* category_hot.json in Resources */,
			);
			runOnlyForDeploymentPostprocessing = 0;
		};
/* End PBXResourcesBuildPhase section */

/* Begin PBXShellScriptBuildPhase section */
		514EB21B153B2CA9D36EFF1E /* [CP] Check Pods Manifest.lock */ = {
			isa = PBXShellScriptBuildPhase;
			buildActionMask = 2147483647;
			files = (
			);
			inputPaths = (
			);
			name = "[CP] Check Pods Manifest.lock";
			outputPaths = (
			);
			runOnlyForDeploymentPostprocessing = 0;
			shellPath = /bin/sh;
			shellScript = "diff \"${PODS_ROOT}/../Podfile.lock\" \"${PODS_ROOT}/Manifest.lock\" > /dev/null\nif [ $? != 0 ] ; then\n    # print error to STDERR\n    echo \"error: The sandbox is not in sync with the Podfile.lock. Run 'pod install' or update your CocoaPods installation.\" >&2\n    exit 1\nfi\n";
			showEnvVarsInLog = 0;
		};
		A5780F1ED189565FE99C7F93 /* [CP] Embed Pods Frameworks */ = {
			isa = PBXShellScriptBuildPhase;
			buildActionMask = 2147483647;
			files = (
			);
			inputPaths = (
			);
			name = "[CP] Embed Pods Frameworks";
			outputPaths = (
			);
			runOnlyForDeploymentPostprocessing = 0;
			shellPath = /bin/sh;
			shellScript = "\"${SRCROOT}/Pods/Target Support Files/Pods-妙汇/Pods-妙汇-frameworks.sh\"\n";
			showEnvVarsInLog = 0;
		};
		DE52C83DA49373BF1E86C60C /* [CP] Copy Pods Resources */ = {
			isa = PBXShellScriptBuildPhase;
			buildActionMask = 2147483647;
			files = (
			);
			inputPaths = (
			);
			name = "[CP] Copy Pods Resources";
			outputPaths = (
			);
			runOnlyForDeploymentPostprocessing = 0;
			shellPath = /bin/sh;
			shellScript = "\"${SRCROOT}/Pods/Target Support Files/Pods-妙汇/Pods-妙汇-resources.sh\"\n";
			showEnvVarsInLog = 0;
		};
/* End PBXShellScriptBuildPhase section */

/* Begin PBXSourcesBuildPhase section */
		6843C48A1DB4D87F00CA881F /* Sources */ = {
			isa = PBXSourcesBuildPhase;
			buildActionMask = 2147483647;
			files = (
				687A3E591DC0A310004D91B7 /* MHCategoryViewController.swift in Sources */,
				68120CB01DB9C053000CA19D /* MHRefresh.swift in Sources */,
				6868B5C71DCB45E100CA79E8 /* MHScanResultViewController.swift in Sources */,
				68120C671DB71C9D000CA19D /* MHHomeADTableViewCell.swift in Sources */,
				687054FB1DC9853400EF132D /* HMSegmentedControl.m in Sources */,
				6843C4921DB4D87F00CA881F /* AppDelegate.swift in Sources */,
				6843C4B31DB5B83A00CA881F /* MHGoodsTableViewCell.swift in Sources */,
				68120C761DB76B87000CA19D /* MHHomePromotionsItem.swift in Sources */,
				68120CB21DB9E75C000CA19D /* MHRefreshBase.swift in Sources */,
				687B57AB1DC6DF8A007B136F /* MHFilterView.swift in Sources */,
				687A3E6B1DC1CDD1004D91B7 /* MHCategoryDetail.swift in Sources */,
				687A3E691DC1A52E004D91B7 /* MHResponseModel.swift in Sources */,
				68B087A91DC87915009E3D8C /* MHFieldOfViewModel.swift in Sources */,
				68120C7D1DB85C2A000CA19D /* MHHomeViewfieldTableViewCell.swift in Sources */,
				6843C4B71DB5BAF900CA881F /* MHHomeParser.swift in Sources */,
				687A3E5D1DC0A586004D91B7 /* MHCategoryParser.swift in Sources */,
				687A3E671DC1A18B004D91B7 /* MHCategoryDetailParser.swift in Sources */,
				68B087AC1DC87BBC009E3D8C /* MHFieldOfViewListTableViewCell.swift in Sources */,
				68120C641DB70715000CA19D /* MHADScrollView.swift in Sources */,
				682D302C1DBF29380017CFDC /* MHRefreshFooter.swift in Sources */,
				6843C4BC1DB5BC8500CA881F /* MHNetwork.swift in Sources */,
				687A3E611DC19BD7004D91B7 /* MHCategoryDetailViewController.swift in Sources */,
				6843C4B91DB5BC0700CA881F /* MHHomeModel.swift in Sources */,
				68120C7A1DB774E4000CA19D /* MHTabBarController.swift in Sources */,
				68120C731DB764BA000CA19D /* MHHomePromotionsTableViewCell.swift in Sources */,
				68BD0D5A1DB622DB000BB94B /* MHHomeNavigatorTableViewCell.swift in Sources */,
				68B087A71DC877E1009E3D8C /* MHFieldOfViewParser.swift in Sources */,
				68120CAE1DB9BC32000CA19D /* MHRefreshCommon.swift in Sources */,
				682D302E1DBF438B0017CFDC /* MHRefreshNormalFooter.swift in Sources */,
				687054FE1DC990C100EF132D /* MHFieldOfViewCategoryView.swift in Sources */,
				68120C801DB85DEC000CA19D /* MHVerticalADView.swift in Sources */,
				687B57AE1DC6E1A9007B136F /* MHCustomFilterPriceTableViewCell.swift in Sources */,
				68120CAA1DB9BA37000CA19D /* MHRefreshHeader.swift in Sources */,
				68BD0D641DB62F73000BB94B /* MHExtension.swift in Sources */,
				682D30331DBF68040017CFDC /* MHAnimationHeartBtn.swift in Sources */,
				68120C821DB86845000CA19D /* MHHomeViewfieldItem.swift in Sources */,
				6843C4AE1DB5B66900CA881F /* MHBaseNavController.swift in Sources */,
				6868B5C11DCB21ED00CA79E8 /* MHScanerViewController.swift in Sources */,
				6817E0341DBA092D00B9B6E7 /* MHRefreshNormalHeader.swift in Sources */,
				68BD0D5E1DB623EC000BB94B /* MHNavItemCollectionViewCell.swift in Sources */,
				6868B5C41DCB236300CA79E8 /* MHCommonSetting.swift in Sources */,
				68E4AC1C1DDE941000E4E12B /* MHMeViewController.swift in Sources */,
				68B0879F1DC8703C009E3D8C /* MHFieldOfViewViewController.swift in Sources */,
				68B087AE1DC880B7009E3D8C /* MHFieldOfViewDetailViewController.swift in Sources */,
				687A3E571DC0A142004D91B7 /* MHCategoryBtn.swift in Sources */,
				68E3A3521DC9D1B6005CE0CE /* MHFOVCategoryCollectionViewCell.swift in Sources */,
				68BD0D611DB62B70000BB94B /* MHConst.swift in Sources */,
				6843C4B01DB5B68900CA881F /* MHHomeTableViewController.swift in Sources */,
			);
			runOnlyForDeploymentPostprocessing = 0;
		};
/* End PBXSourcesBuildPhase section */

/* Begin PBXVariantGroup section */
		6843C4951DB4D87F00CA881F /* Main.storyboard */ = {
			isa = PBXVariantGroup;
			children = (
				6843C4961DB4D87F00CA881F /* Base */,
			);
			name = Main.storyboard;
			sourceTree = "<group>";
		};
		6843C49A1DB4D87F00CA881F /* LaunchScreen.storyboard */ = {
			isa = PBXVariantGroup;
			children = (
				6843C49B1DB4D87F00CA881F /* Base */,
			);
			name = LaunchScreen.storyboard;
			sourceTree = "<group>";
		};
/* End PBXVariantGroup section */

/* Begin XCBuildConfiguration section */
		6843C49E1DB4D87F00CA881F /* Debug */ = {
			isa = XCBuildConfiguration;
			buildSettings = {
				ALWAYS_SEARCH_USER_PATHS = NO;
				CLANG_ANALYZER_NONNULL = YES;
				CLANG_CXX_LANGUAGE_STANDARD = "gnu++0x";
				CLANG_CXX_LIBRARY = "libc++";
				CLANG_ENABLE_MODULES = YES;
				CLANG_ENABLE_OBJC_ARC = YES;
				CLANG_WARN_BOOL_CONVERSION = YES;
				CLANG_WARN_CONSTANT_CONVERSION = YES;
				CLANG_WARN_DIRECT_OBJC_ISA_USAGE = YES_ERROR;
				CLANG_WARN_DOCUMENTATION_COMMENTS = YES;
				CLANG_WARN_EMPTY_BODY = YES;
				CLANG_WARN_ENUM_CONVERSION = YES;
				CLANG_WARN_INFINITE_RECURSION = YES;
				CLANG_WARN_INT_CONVERSION = YES;
				CLANG_WARN_OBJC_ROOT_CLASS = YES_ERROR;
				CLANG_WARN_SUSPICIOUS_MOVES = YES;
				CLANG_WARN_UNREACHABLE_CODE = YES;
				CLANG_WARN__DUPLICATE_METHOD_MATCH = YES;
				"CODE_SIGN_IDENTITY[sdk=iphoneos*]" = "iPhone Developer";
				COPY_PHASE_STRIP = NO;
				DEBUG_INFORMATION_FORMAT = dwarf;
				ENABLE_STRICT_OBJC_MSGSEND = YES;
				ENABLE_TESTABILITY = YES;
				GCC_C_LANGUAGE_STANDARD = gnu99;
				GCC_DYNAMIC_NO_PIC = NO;
				GCC_NO_COMMON_BLOCKS = YES;
				GCC_OPTIMIZATION_LEVEL = 0;
				GCC_PREPROCESSOR_DEFINITIONS = (
					"DEBUG=1",
					"$(inherited)",
				);
				GCC_WARN_64_TO_32_BIT_CONVERSION = YES;
				GCC_WARN_ABOUT_RETURN_TYPE = YES_ERROR;
				GCC_WARN_UNDECLARED_SELECTOR = YES;
				GCC_WARN_UNINITIALIZED_AUTOS = YES_AGGRESSIVE;
				GCC_WARN_UNUSED_FUNCTION = YES;
				GCC_WARN_UNUSED_VARIABLE = YES;
				IPHONEOS_DEPLOYMENT_TARGET = 10.0;
				MTL_ENABLE_DEBUG_INFO = YES;
				ONLY_ACTIVE_ARCH = YES;
				SDKROOT = iphoneos;
				SWIFT_ACTIVE_COMPILATION_CONDITIONS = DEBUG;
				SWIFT_OPTIMIZATION_LEVEL = "-Onone";
				TARGETED_DEVICE_FAMILY = "1,2";
			};
			name = Debug;
		};
		6843C49F1DB4D87F00CA881F /* Release */ = {
			isa = XCBuildConfiguration;
			buildSettings = {
				ALWAYS_SEARCH_USER_PATHS = NO;
				CLANG_ANALYZER_NONNULL = YES;
				CLANG_CXX_LANGUAGE_STANDARD = "gnu++0x";
				CLANG_CXX_LIBRARY = "libc++";
				CLANG_ENABLE_MODULES = YES;
				CLANG_ENABLE_OBJC_ARC = YES;
				CLANG_WARN_BOOL_CONVERSION = YES;
				CLANG_WARN_CONSTANT_CONVERSION = YES;
				CLANG_WARN_DIRECT_OBJC_ISA_USAGE = YES_ERROR;
				CLANG_WARN_DOCUMENTATION_COMMENTS = YES;
				CLANG_WARN_EMPTY_BODY = YES;
				CLANG_WARN_ENUM_CONVERSION = YES;
				CLANG_WARN_INFINITE_RECURSION = YES;
				CLANG_WARN_INT_CONVERSION = YES;
				CLANG_WARN_OBJC_ROOT_CLASS = YES_ERROR;
				CLANG_WARN_SUSPICIOUS_MOVES = YES;
				CLANG_WARN_UNREACHABLE_CODE = YES;
				CLANG_WARN__DUPLICATE_METHOD_MATCH = YES;
				"CODE_SIGN_IDENTITY[sdk=iphoneos*]" = "iPhone Developer";
				COPY_PHASE_STRIP = NO;
				DEBUG_INFORMATION_FORMAT = "dwarf-with-dsym";
				ENABLE_NS_ASSERTIONS = NO;
				ENABLE_STRICT_OBJC_MSGSEND = YES;
				GCC_C_LANGUAGE_STANDARD = gnu99;
				GCC_NO_COMMON_BLOCKS = YES;
				GCC_WARN_64_TO_32_BIT_CONVERSION = YES;
				GCC_WARN_ABOUT_RETURN_TYPE = YES_ERROR;
				GCC_WARN_UNDECLARED_SELECTOR = YES;
				GCC_WARN_UNINITIALIZED_AUTOS = YES_AGGRESSIVE;
				GCC_WARN_UNUSED_FUNCTION = YES;
				GCC_WARN_UNUSED_VARIABLE = YES;
				IPHONEOS_DEPLOYMENT_TARGET = 10.0;
				MTL_ENABLE_DEBUG_INFO = NO;
				SDKROOT = iphoneos;
				SWIFT_OPTIMIZATION_LEVEL = "-Owholemodule";
				TARGETED_DEVICE_FAMILY = "1,2";
				VALIDATE_PRODUCT = YES;
			};
			name = Release;
		};
		6843C4A11DB4D87F00CA881F /* Debug */ = {
			isa = XCBuildConfiguration;
			baseConfigurationReference = 04418CB36C4CBD5AC4E38491 /* Pods-妙汇.debug.xcconfig */;
			buildSettings = {
				ASSETCATALOG_COMPILER_APPICON_NAME = AppIcon;
				DEVELOPMENT_TEAM = NDXGPJ8CAV;
				GCC_PRECOMPILE_PREFIX_HEADER = YES;
				GCC_PREFIX_HEADER = "妙汇/PrefixHeader.pch";
				INFOPLIST_FILE = "妙汇/Info.plist";
				IPHONEOS_DEPLOYMENT_TARGET = 9.0;
				LD_RUNPATH_SEARCH_PATHS = "$(inherited) @executable_path/Frameworks";
				PRODUCT_BUNDLE_IDENTIFIER = "com.ShouYueTechnology.miaohui.demo.--";
				PRODUCT_NAME = "$(TARGET_NAME)";
				SWIFT_OBJC_BRIDGING_HEADER = "$(SRCROOT)/妙汇/MH-Bridge.h";
				SWIFT_VERSION = 3.0;
				TARGETED_DEVICE_FAMILY = 1;
			};
			name = Debug;
		};
		6843C4A21DB4D87F00CA881F /* Release */ = {
			isa = XCBuildConfiguration;
			baseConfigurationReference = 2BE9E656026BA555AE665F7E /* Pods-妙汇.release.xcconfig */;
			buildSettings = {
				ASSETCATALOG_COMPILER_APPICON_NAME = AppIcon;
				DEVELOPMENT_TEAM = NDXGPJ8CAV;
				GCC_PRECOMPILE_PREFIX_HEADER = YES;
				GCC_PREFIX_HEADER = "妙汇/PrefixHeader.pch";
				INFOPLIST_FILE = "妙汇/Info.plist";
				IPHONEOS_DEPLOYMENT_TARGET = 9.0;
				LD_RUNPATH_SEARCH_PATHS = "$(inherited) @executable_path/Frameworks";
				PRODUCT_BUNDLE_IDENTIFIER = "com.ShouYueTechnology.miaohui.demo.--";
				PRODUCT_NAME = "$(TARGET_NAME)";
				SWIFT_OBJC_BRIDGING_HEADER = "$(SRCROOT)/妙汇/MH-Bridge.h";
				SWIFT_VERSION = 3.0;
				TARGETED_DEVICE_FAMILY = 1;
			};
			name = Release;
		};
/* End XCBuildConfiguration section */

/* Begin XCConfigurationList section */
		6843C4891DB4D87F00CA881F /* Build configuration list for PBXProject "妙汇" */ = {
			isa = XCConfigurationList;
			buildConfigurations = (
				6843C49E1DB4D87F00CA881F /* Debug */,
				6843C49F1DB4D87F00CA881F /* Release */,
			);
			defaultConfigurationIsVisible = 0;
			defaultConfigurationName = Release;
		};
		6843C4A01DB4D87F00CA881F /* Build configuration list for PBXNativeTarget "妙汇" */ = {
			isa = XCConfigurationList;
			buildConfigurations = (
				6843C4A11DB4D87F00CA881F /* Debug */,
				6843C4A21DB4D87F00CA881F /* Release */,
			);
			defaultConfigurationIsVisible = 0;
			defaultConfigurationName = Release;
		};
/* End XCConfigurationList section */
	};
	rootObject = 6843C4861DB4D87F00CA881F /* Project object */;
}
